// !$*UTF8*$!
{
	archiveVersion = 1;
	classes = {
	};
	objectVersion = 46;
	objects = {

/* Begin PBXBuildFile section */
		476B1225F87C1C7C9384D8C4 /* Pods_TradeIt.framework in Frameworks */ = {isa = PBXBuildFile; fileRef = BDF41D22060D6A1143037500 /* Pods_TradeIt.framework */; };
		801DA4681F0383BD000B8F66 /* CommentTableViewCell.swift in Sources */ = {isa = PBXBuildFile; fileRef = 801DA4671F0383BD000B8F66 /* CommentTableViewCell.swift */; };
		801DA46A1F0383CC000B8F66 /* EnterCommentTableViewCell.swift in Sources */ = {isa = PBXBuildFile; fileRef = 801DA4691F0383CC000B8F66 /* EnterCommentTableViewCell.swift */; };
		801DA46C1F038558000B8F66 /* Comment.swift in Sources */ = {isa = PBXBuildFile; fileRef = 801DA46B1F038558000B8F66 /* Comment.swift */; };
		801DA46E1F039365000B8F66 /* CommentManager.swift in Sources */ = {isa = PBXBuildFile; fileRef = 801DA46D1F039365000B8F66 /* CommentManager.swift */; };
		805DC8B51EEF416B006D97A9 /* AppDelegate.swift in Sources */ = {isa = PBXBuildFile; fileRef = 805DC8B41EEF416B006D97A9 /* AppDelegate.swift */; };
		805DC8BA1EEF416B006D97A9 /* Main.storyboard in Resources */ = {isa = PBXBuildFile; fileRef = 805DC8B81EEF416B006D97A9 /* Main.storyboard */; };
		805DC8BC1EEF416B006D97A9 /* Assets.xcassets in Resources */ = {isa = PBXBuildFile; fileRef = 805DC8BB1EEF416B006D97A9 /* Assets.xcassets */; };
		805DC8BF1EEF416B006D97A9 /* LaunchScreen.storyboard in Resources */ = {isa = PBXBuildFile; fileRef = 805DC8BD1EEF416B006D97A9 /* LaunchScreen.storyboard */; };
		805DC8C71EEF4469006D97A9 /* GoogleService-Info.plist in Resources */ = {isa = PBXBuildFile; fileRef = 805DC8C61EEF4469006D97A9 /* GoogleService-Info.plist */; };
		809061111EF4FF15003E6E1A /* TitleTableViewCell.swift in Sources */ = {isa = PBXBuildFile; fileRef = 809061101EF4FF15003E6E1A /* TitleTableViewCell.swift */; };
		809061131EF4FF1C003E6E1A /* PriceTableViewCell.swift in Sources */ = {isa = PBXBuildFile; fileRef = 809061121EF4FF1C003E6E1A /* PriceTableViewCell.swift */; };
		809061151EF4FF23003E6E1A /* DetailTableViewCell.swift in Sources */ = {isa = PBXBuildFile; fileRef = 809061141EF4FF23003E6E1A /* DetailTableViewCell.swift */; };
		809061171EF520CB003E6E1A /* TagTableViewCell.swift in Sources */ = {isa = PBXBuildFile; fileRef = 809061161EF520CB003E6E1A /* TagTableViewCell.swift */; };
		809061191EF52D2B003E6E1A /* ItemDetailViewController.swift in Sources */ = {isa = PBXBuildFile; fileRef = 809061181EF52D2B003E6E1A /* ItemDetailViewController.swift */; };
		8090611B1EF672B2003E6E1A /* HomeViewController.swift in Sources */ = {isa = PBXBuildFile; fileRef = 8090611A1EF672B2003E6E1A /* HomeViewController.swift */; };
		8090611D1EF87C37003E6E1A /* ItemHomeTableViewCell.swift in Sources */ = {isa = PBXBuildFile; fileRef = 8090611C1EF87C37003E6E1A /* ItemHomeTableViewCell.swift */; };
		8090611F1EF89506003E6E1A /* TimeManager.swift in Sources */ = {isa = PBXBuildFile; fileRef = 8090611E1EF89506003E6E1A /* TimeManager.swift */; };
		809061211EF89CD9003E6E1A /* ImageManager.swift in Sources */ = {isa = PBXBuildFile; fileRef = 809061201EF89CD9003E6E1A /* ImageManager.swift */; };
		809061231EF8F02A003E6E1A /* Utils.swift in Sources */ = {isa = PBXBuildFile; fileRef = 809061221EF8F02A003E6E1A /* Utils.swift */; };
		80AD76701EEF58E100BF1601 /* LoginViewController.swift in Sources */ = {isa = PBXBuildFile; fileRef = 80AD766F1EEF58E100BF1601 /* LoginViewController.swift */; };
		80AD76741EEF590600BF1601 /* UIViewController+Alerts.m in Sources */ = {isa = PBXBuildFile; fileRef = 80AD76731EEF590600BF1601 /* UIViewController+Alerts.m */; };
		80EDA3251EF070200041EF0E /* ItemInfo.swift in Sources */ = {isa = PBXBuildFile; fileRef = 80EDA3241EF070200041EF0E /* ItemInfo.swift */; };
		80EDA32D1EF0A2040041EF0E /* SalesManager.swift in Sources */ = {isa = PBXBuildFile; fileRef = 80EDA32C1EF0A2040041EF0E /* SalesManager.swift */; };
		80EDA32F1EF0A27B0041EF0E /* NetworkContext.swift in Sources */ = {isa = PBXBuildFile; fileRef = 80EDA32E1EF0A27B0041EF0E /* NetworkContext.swift */; };
		80EDA3311EF0AAC80041EF0E /* UserInfo.swift in Sources */ = {isa = PBXBuildFile; fileRef = 80EDA3301EF0AAC80041EF0E /* UserInfo.swift */; };
		80EDA3331EF0F9A10041EF0E /* UsersManager.swift in Sources */ = {isa = PBXBuildFile; fileRef = 80EDA3321EF0F9A10041EF0E /* UsersManager.swift */; };
		80EDA3351EF222D10041EF0E /* MyStrings.swift in Sources */ = {isa = PBXBuildFile; fileRef = 80EDA3341EF222D10041EF0E /* MyStrings.swift */; };
		80EDA33B1EF24FB80041EF0E /* ImagePickerTableViewCell.swift in Sources */ = {isa = PBXBuildFile; fileRef = 80EDA33A1EF24FB80041EF0E /* ImagePickerTableViewCell.swift */; };
		80F28D451EFA33200018B0BE /* EnterZipCodeViewController.swift in Sources */ = {isa = PBXBuildFile; fileRef = 80F28D441EFA33200018B0BE /* EnterZipCodeViewController.swift */; };
		80F28D471EFC36E30018B0BE /* URLManager.swift in Sources */ = {isa = PBXBuildFile; fileRef = 80F28D461EFC36E30018B0BE /* URLManager.swift */; };
/* End PBXBuildFile section */

/* Begin PBXFileReference section */
		181D3E377C428120DE034637 /* Pods-TradeIt.release.xcconfig */ = {isa = PBXFileReference; includeInIndex = 1; lastKnownFileType = text.xcconfig; name = "Pods-TradeIt.release.xcconfig"; path = "Pods/Target Support Files/Pods-TradeIt/Pods-TradeIt.release.xcconfig"; sourceTree = "<group>"; };
		801DA4671F0383BD000B8F66 /* CommentTableViewCell.swift */ = {isa = PBXFileReference; fileEncoding = 4; lastKnownFileType = sourcecode.swift; path = CommentTableViewCell.swift; sourceTree = "<group>"; };
		801DA4691F0383CC000B8F66 /* EnterCommentTableViewCell.swift */ = {isa = PBXFileReference; fileEncoding = 4; lastKnownFileType = sourcecode.swift; path = EnterCommentTableViewCell.swift; sourceTree = "<group>"; };
		801DA46B1F038558000B8F66 /* Comment.swift */ = {isa = PBXFileReference; fileEncoding = 4; lastKnownFileType = sourcecode.swift; path = Comment.swift; sourceTree = "<group>"; };
		801DA46D1F039365000B8F66 /* CommentManager.swift */ = {isa = PBXFileReference; fileEncoding = 4; lastKnownFileType = sourcecode.swift; path = CommentManager.swift; sourceTree = "<group>"; };
		805DC8B11EEF416B006D97A9 /* TradeIt.app */ = {isa = PBXFileReference; explicitFileType = wrapper.application; includeInIndex = 0; path = TradeIt.app; sourceTree = BUILT_PRODUCTS_DIR; };
		805DC8B41EEF416B006D97A9 /* AppDelegate.swift */ = {isa = PBXFileReference; lastKnownFileType = sourcecode.swift; path = AppDelegate.swift; sourceTree = "<group>"; };
		805DC8B91EEF416B006D97A9 /* Base */ = {isa = PBXFileReference; lastKnownFileType = file.storyboard; name = Base; path = Base.lproj/Main.storyboard; sourceTree = "<group>"; };
		805DC8BB1EEF416B006D97A9 /* Assets.xcassets */ = {isa = PBXFileReference; lastKnownFileType = folder.assetcatalog; path = Assets.xcassets; sourceTree = "<group>"; };
		805DC8BE1EEF416B006D97A9 /* Base */ = {isa = PBXFileReference; lastKnownFileType = file.storyboard; name = Base; path = Base.lproj/LaunchScreen.storyboard; sourceTree = "<group>"; };
		805DC8C01EEF416B006D97A9 /* Info.plist */ = {isa = PBXFileReference; lastKnownFileType = text.plist.xml; path = Info.plist; sourceTree = "<group>"; };
		805DC8C61EEF4469006D97A9 /* GoogleService-Info.plist */ = {isa = PBXFileReference; fileEncoding = 4; lastKnownFileType = text.plist.xml; path = "GoogleService-Info.plist"; sourceTree = "<group>"; };
		809061101EF4FF15003E6E1A /* TitleTableViewCell.swift */ = {isa = PBXFileReference; fileEncoding = 4; lastKnownFileType = sourcecode.swift; path = TitleTableViewCell.swift; sourceTree = "<group>"; };
		809061121EF4FF1C003E6E1A /* PriceTableViewCell.swift */ = {isa = PBXFileReference; fileEncoding = 4; lastKnownFileType = sourcecode.swift; path = PriceTableViewCell.swift; sourceTree = "<group>"; };
		809061141EF4FF23003E6E1A /* DetailTableViewCell.swift */ = {isa = PBXFileReference; fileEncoding = 4; lastKnownFileType = sourcecode.swift; path = DetailTableViewCell.swift; sourceTree = "<group>"; };
		809061161EF520CB003E6E1A /* TagTableViewCell.swift */ = {isa = PBXFileReference; fileEncoding = 4; lastKnownFileType = sourcecode.swift; path = TagTableViewCell.swift; sourceTree = "<group>"; };
		809061181EF52D2B003E6E1A /* ItemDetailViewController.swift */ = {isa = PBXFileReference; fileEncoding = 4; lastKnownFileType = sourcecode.swift; path = ItemDetailViewController.swift; sourceTree = "<group>"; };
		8090611A1EF672B2003E6E1A /* HomeViewController.swift */ = {isa = PBXFileReference; fileEncoding = 4; lastKnownFileType = sourcecode.swift; path = HomeViewController.swift; sourceTree = "<group>"; };
		8090611C1EF87C37003E6E1A /* ItemHomeTableViewCell.swift */ = {isa = PBXFileReference; fileEncoding = 4; lastKnownFileType = sourcecode.swift; path = ItemHomeTableViewCell.swift; sourceTree = "<group>"; };
		8090611E1EF89506003E6E1A /* TimeManager.swift */ = {isa = PBXFileReference; fileEncoding = 4; lastKnownFileType = sourcecode.swift; path = TimeManager.swift; sourceTree = "<group>"; };
		809061201EF89CD9003E6E1A /* ImageManager.swift */ = {isa = PBXFileReference; fileEncoding = 4; lastKnownFileType = sourcecode.swift; path = ImageManager.swift; sourceTree = "<group>"; };
		809061221EF8F02A003E6E1A /* Utils.swift */ = {isa = PBXFileReference; fileEncoding = 4; lastKnownFileType = sourcecode.swift; path = Utils.swift; sourceTree = "<group>"; };
		80AD766F1EEF58E100BF1601 /* LoginViewController.swift */ = {isa = PBXFileReference; fileEncoding = 4; lastKnownFileType = sourcecode.swift; path = LoginViewController.swift; sourceTree = "<group>"; };
		80AD76711EEF590600BF1601 /* TradeIt-Bridging-Header.h */ = {isa = PBXFileReference; lastKnownFileType = sourcecode.c.h; path = "TradeIt-Bridging-Header.h"; sourceTree = "<group>"; };
		80AD76721EEF590600BF1601 /* UIViewController+Alerts.h */ = {isa = PBXFileReference; fileEncoding = 4; lastKnownFileType = sourcecode.c.h; path = "UIViewController+Alerts.h"; sourceTree = "<group>"; };
		80AD76731EEF590600BF1601 /* UIViewController+Alerts.m */ = {isa = PBXFileReference; fileEncoding = 4; lastKnownFileType = sourcecode.c.objc; path = "UIViewController+Alerts.m"; sourceTree = "<group>"; };
		80EDA3241EF070200041EF0E /* ItemInfo.swift */ = {isa = PBXFileReference; fileEncoding = 4; lastKnownFileType = sourcecode.swift; path = ItemInfo.swift; sourceTree = "<group>"; };
		80EDA32C1EF0A2040041EF0E /* SalesManager.swift */ = {isa = PBXFileReference; fileEncoding = 4; lastKnownFileType = sourcecode.swift; path = SalesManager.swift; sourceTree = "<group>"; };
		80EDA32E1EF0A27B0041EF0E /* NetworkContext.swift */ = {isa = PBXFileReference; fileEncoding = 4; lastKnownFileType = sourcecode.swift; path = NetworkContext.swift; sourceTree = "<group>"; };
		80EDA3301EF0AAC80041EF0E /* UserInfo.swift */ = {isa = PBXFileReference; fileEncoding = 4; lastKnownFileType = sourcecode.swift; path = UserInfo.swift; sourceTree = "<group>"; };
		80EDA3321EF0F9A10041EF0E /* UsersManager.swift */ = {isa = PBXFileReference; fileEncoding = 4; lastKnownFileType = sourcecode.swift; path = UsersManager.swift; sourceTree = "<group>"; };
		80EDA3341EF222D10041EF0E /* MyStrings.swift */ = {isa = PBXFileReference; fileEncoding = 4; lastKnownFileType = sourcecode.swift; path = MyStrings.swift; sourceTree = "<group>"; };
		80EDA33A1EF24FB80041EF0E /* ImagePickerTableViewCell.swift */ = {isa = PBXFileReference; fileEncoding = 4; lastKnownFileType = sourcecode.swift; path = ImagePickerTableViewCell.swift; sourceTree = "<group>"; };
		80F28D441EFA33200018B0BE /* EnterZipCodeViewController.swift */ = {isa = PBXFileReference; fileEncoding = 4; lastKnownFileType = sourcecode.swift; path = EnterZipCodeViewController.swift; sourceTree = "<group>"; };
		80F28D461EFC36E30018B0BE /* URLManager.swift */ = {isa = PBXFileReference; fileEncoding = 4; lastKnownFileType = sourcecode.swift; path = URLManager.swift; sourceTree = "<group>"; };
		BDF41D22060D6A1143037500 /* Pods_TradeIt.framework */ = {isa = PBXFileReference; explicitFileType = wrapper.framework; includeInIndex = 0; path = Pods_TradeIt.framework; sourceTree = BUILT_PRODUCTS_DIR; };
		F931ADA91F9DFCEF54661204 /* Pods-TradeIt.debug.xcconfig */ = {isa = PBXFileReference; includeInIndex = 1; lastKnownFileType = text.xcconfig; name = "Pods-TradeIt.debug.xcconfig"; path = "Pods/Target Support Files/Pods-TradeIt/Pods-TradeIt.debug.xcconfig"; sourceTree = "<group>"; };
/* End PBXFileReference section */

/* Begin PBXFrameworksBuildPhase section */
		805DC8AE1EEF416B006D97A9 /* Frameworks */ = {
			isa = PBXFrameworksBuildPhase;
			buildActionMask = 2147483647;
			files = (
				476B1225F87C1C7C9384D8C4 /* Pods_TradeIt.framework in Frameworks */,
			);
			runOnlyForDeploymentPostprocessing = 0;
		};
/* End PBXFrameworksBuildPhase section */

/* Begin PBXGroup section */
		6E224AA78E4A35397065CE51 /* Frameworks */ = {
			isa = PBXGroup;
			children = (
				BDF41D22060D6A1143037500 /* Pods_TradeIt.framework */,
			);
			name = Frameworks;
			sourceTree = "<group>";
		};
		805DC8A81EEF416B006D97A9 = {
			isa = PBXGroup;
			children = (
				805DC8B31EEF416B006D97A9 /* TradeIt */,
				805DC8B21EEF416B006D97A9 /* Products */,
				D79928C771AA2F3AD487BAD5 /* Pods */,
				6E224AA78E4A35397065CE51 /* Frameworks */,
			);
			sourceTree = "<group>";
		};
		805DC8B21EEF416B006D97A9 /* Products */ = {
			isa = PBXGroup;
			children = (
				805DC8B11EEF416B006D97A9 /* TradeIt.app */,
			);
			name = Products;
			sourceTree = "<group>";
		};
		805DC8B31EEF416B006D97A9 /* TradeIt */ = {
			isa = PBXGroup;
			children = (
				80EDA3291EF087BF0041EF0E /* Controllers */,
				80EDA3281EF087AA0041EF0E /* Views */,
				80EDA3261EF0873F0041EF0E /* Models */,
				80EDA3271EF087630041EF0E /* Helpers */,
			);
			path = TradeIt;
			sourceTree = "<group>";
		};
		80EDA3261EF0873F0041EF0E /* Models */ = {
			isa = PBXGroup;
			children = (
				80EDA3241EF070200041EF0E /* ItemInfo.swift */,
				80EDA3301EF0AAC80041EF0E /* UserInfo.swift */,
				801DA46B1F038558000B8F66 /* Comment.swift */,
				80EDA3341EF222D10041EF0E /* MyStrings.swift */,
				80EDA32C1EF0A2040041EF0E /* SalesManager.swift */,
				80EDA3321EF0F9A10041EF0E /* UsersManager.swift */,
				80EDA32E1EF0A27B0041EF0E /* NetworkContext.swift */,
				8090611E1EF89506003E6E1A /* TimeManager.swift */,
				809061201EF89CD9003E6E1A /* ImageManager.swift */,
				809061221EF8F02A003E6E1A /* Utils.swift */,
				80F28D461EFC36E30018B0BE /* URLManager.swift */,
				801DA46D1F039365000B8F66 /* CommentManager.swift */,
			);
			name = Models;
			sourceTree = "<group>";
		};
		80EDA3271EF087630041EF0E /* Helpers */ = {
			isa = PBXGroup;
			children = (
				805DC8B41EEF416B006D97A9 /* AppDelegate.swift */,
				80AD76721EEF590600BF1601 /* UIViewController+Alerts.h */,
				80AD76731EEF590600BF1601 /* UIViewController+Alerts.m */,
				80AD76711EEF590600BF1601 /* TradeIt-Bridging-Header.h */,
				805DC8BB1EEF416B006D97A9 /* Assets.xcassets */,
				805DC8C61EEF4469006D97A9 /* GoogleService-Info.plist */,
				805DC8C01EEF416B006D97A9 /* Info.plist */,
			);
			name = Helpers;
			sourceTree = "<group>";
		};
		80EDA3281EF087AA0041EF0E /* Views */ = {
			isa = PBXGroup;
			children = (
				805DC8B81EEF416B006D97A9 /* Main.storyboard */,
				805DC8BD1EEF416B006D97A9 /* LaunchScreen.storyboard */,
				809061101EF4FF15003E6E1A /* TitleTableViewCell.swift */,
				809061121EF4FF1C003E6E1A /* PriceTableViewCell.swift */,
				809061161EF520CB003E6E1A /* TagTableViewCell.swift */,
				809061141EF4FF23003E6E1A /* DetailTableViewCell.swift */,
				80EDA33A1EF24FB80041EF0E /* ImagePickerTableViewCell.swift */,
				8090611C1EF87C37003E6E1A /* ItemHomeTableViewCell.swift */,
				801DA4671F0383BD000B8F66 /* CommentTableViewCell.swift */,
				801DA4691F0383CC000B8F66 /* EnterCommentTableViewCell.swift */,
			);
			name = Views;
			sourceTree = "<group>";
		};
		80EDA3291EF087BF0041EF0E /* Controllers */ = {
			isa = PBXGroup;
			children = (
				80AD766F1EEF58E100BF1601 /* LoginViewController.swift */,
				8090611A1EF672B2003E6E1A /* HomeViewController.swift */,
				809061181EF52D2B003E6E1A /* ItemDetailViewController.swift */,
				80F28D441EFA33200018B0BE /* EnterZipCodeViewController.swift */,
			);
			name = Controllers;
			sourceTree = "<group>";
		};
		D79928C771AA2F3AD487BAD5 /* Pods */ = {
			isa = PBXGroup;
			children = (
				F931ADA91F9DFCEF54661204 /* Pods-TradeIt.debug.xcconfig */,
				181D3E377C428120DE034637 /* Pods-TradeIt.release.xcconfig */,
			);
			name = Pods;
			sourceTree = "<group>";
		};
/* End PBXGroup section */

/* Begin PBXNativeTarget section */
		805DC8B01EEF416B006D97A9 /* TradeIt */ = {
			isa = PBXNativeTarget;
			buildConfigurationList = 805DC8C31EEF416B006D97A9 /* Build configuration list for PBXNativeTarget "TradeIt" */;
			buildPhases = (
				4409E847801B18D66425BACF /* [CP] Check Pods Manifest.lock */,
				805DC8AD1EEF416B006D97A9 /* Sources */,
				805DC8AE1EEF416B006D97A9 /* Frameworks */,
				805DC8AF1EEF416B006D97A9 /* Resources */,
				F7F241C1C305D1DB42043E25 /* [CP] Embed Pods Frameworks */,
				0C8C4C297810BA901EBFDEAB /* [CP] Copy Pods Resources */,
			);
			buildRules = (
			);
			dependencies = (
			);
			name = TradeIt;
			productName = TradeIt;
			productReference = 805DC8B11EEF416B006D97A9 /* TradeIt.app */;
			productType = "com.apple.product-type.application";
		};
/* End PBXNativeTarget section */

/* Begin PBXProject section */
		805DC8A91EEF416B006D97A9 /* Project object */ = {
			isa = PBXProject;
			attributes = {
				LastSwiftUpdateCheck = 0830;
				LastUpgradeCheck = 0830;
				ORGANIZATIONNAME = "Xiaoyu Guo";
				TargetAttributes = {
					805DC8B01EEF416B006D97A9 = {
						CreatedOnToolsVersion = 8.3.2;
						DevelopmentTeam = 6PA6N75D4X;
						LastSwiftMigration = 0830;
						ProvisioningStyle = Automatic;
					};
				};
			};
			buildConfigurationList = 805DC8AC1EEF416B006D97A9 /* Build configuration list for PBXProject "TradeIt" */;
			compatibilityVersion = "Xcode 3.2";
			developmentRegion = English;
			hasScannedForEncodings = 0;
			knownRegions = (
				en,
				Base,
			);
			mainGroup = 805DC8A81EEF416B006D97A9;
			productRefGroup = 805DC8B21EEF416B006D97A9 /* Products */;
			projectDirPath = "";
			projectRoot = "";
			targets = (
				805DC8B01EEF416B006D97A9 /* TradeIt */,
			);
		};
/* End PBXProject section */

/* Begin PBXResourcesBuildPhase section */
		805DC8AF1EEF416B006D97A9 /* Resources */ = {
			isa = PBXResourcesBuildPhase;
			buildActionMask = 2147483647;
			files = (
				805DC8BF1EEF416B006D97A9 /* LaunchScreen.storyboard in Resources */,
				805DC8C71EEF4469006D97A9 /* GoogleService-Info.plist in Resources */,
				805DC8BC1EEF416B006D97A9 /* Assets.xcassets in Resources */,
				805DC8BA1EEF416B006D97A9 /* Main.storyboard in Resources */,
			);
			runOnlyForDeploymentPostprocessing = 0;
		};
/* End PBXResourcesBuildPhase section */

/* Begin PBXShellScriptBuildPhase section */
		0C8C4C297810BA901EBFDEAB /* [CP] Copy Pods Resources */ = {
			isa = PBXShellScriptBuildPhase;
			buildActionMask = 2147483647;
			files = (
			);
			inputPaths = (
			);
			name = "[CP] Copy Pods Resources";
			outputPaths = (
			);
			runOnlyForDeploymentPostprocessing = 0;
			shellPath = /bin/sh;
			shellScript = "\"${SRCROOT}/Pods/Target Support Files/Pods-TradeIt/Pods-TradeIt-resources.sh\"\n";
			showEnvVarsInLog = 0;
		};
		4409E847801B18D66425BACF /* [CP] Check Pods Manifest.lock */ = {
			isa = PBXShellScriptBuildPhase;
			buildActionMask = 2147483647;
			files = (
			);
			inputPaths = (
			);
			name = "[CP] Check Pods Manifest.lock";
			outputPaths = (
			);
			runOnlyForDeploymentPostprocessing = 0;
			shellPath = /bin/sh;
			shellScript = "diff \"${PODS_PODFILE_DIR_PATH}/Podfile.lock\" \"${PODS_ROOT}/Manifest.lock\" > /dev/null\nif [ $? != 0 ] ; then\n    # print error to STDERR\n    echo \"error: The sandbox is not in sync with the Podfile.lock. Run 'pod install' or update your CocoaPods installation.\" >&2\n    exit 1\nfi\n";
			showEnvVarsInLog = 0;
		};
		F7F241C1C305D1DB42043E25 /* [CP] Embed Pods Frameworks */ = {
			isa = PBXShellScriptBuildPhase;
			buildActionMask = 2147483647;
			files = (
			);
			inputPaths = (
			);
			name = "[CP] Embed Pods Frameworks";
			outputPaths = (
			);
			runOnlyForDeploymentPostprocessing = 0;
			shellPath = /bin/sh;
			shellScript = "\"${SRCROOT}/Pods/Target Support Files/Pods-TradeIt/Pods-TradeIt-frameworks.sh\"\n";
			showEnvVarsInLog = 0;
		};
/* End PBXShellScriptBuildPhase section */

/* Begin PBXSourcesBuildPhase section */
		805DC8AD1EEF416B006D97A9 /* Sources */ = {
			isa = PBXSourcesBuildPhase;
			buildActionMask = 2147483647;
			files = (
				80EDA3251EF070200041EF0E /* ItemInfo.swift in Sources */,
				809061151EF4FF23003E6E1A /* DetailTableViewCell.swift in Sources */,
				809061211EF89CD9003E6E1A /* ImageManager.swift in Sources */,
				801DA4681F0383BD000B8F66 /* CommentTableViewCell.swift in Sources */,
				80AD76701EEF58E100BF1601 /* LoginViewController.swift in Sources */,
				80EDA3351EF222D10041EF0E /* MyStrings.swift in Sources */,
				801DA46A1F0383CC000B8F66 /* EnterCommentTableViewCell.swift in Sources */,
				809061111EF4FF15003E6E1A /* TitleTableViewCell.swift in Sources */,
				809061191EF52D2B003E6E1A /* ItemDetailViewController.swift in Sources */,
				80EDA32F1EF0A27B0041EF0E /* NetworkContext.swift in Sources */,
				801DA46C1F038558000B8F66 /* Comment.swift in Sources */,
				801DA46E1F039365000B8F66 /* CommentManager.swift in Sources */,
				80EDA32D1EF0A2040041EF0E /* SalesManager.swift in Sources */,
				809061131EF4FF1C003E6E1A /* PriceTableViewCell.swift in Sources */,
				80EDA3331EF0F9A10041EF0E /* UsersManager.swift in Sources */,
				80EDA33B1EF24FB80041EF0E /* ImagePickerTableViewCell.swift in Sources */,
				8090611B1EF672B2003E6E1A /* HomeViewController.swift in Sources */,
				80F28D451EFA33200018B0BE /* EnterZipCodeViewController.swift in Sources */,
				809061171EF520CB003E6E1A /* TagTableViewCell.swift in Sources */,
				80F28D471EFC36E30018B0BE /* URLManager.swift in Sources */,
				805DC8B51EEF416B006D97A9 /* AppDelegate.swift in Sources */,
				809061231EF8F02A003E6E1A /* Utils.swift in Sources */,
				8090611F1EF89506003E6E1A /* TimeManager.swift in Sources */,
				80AD76741EEF590600BF1601 /* UIViewController+Alerts.m in Sources */,
				80EDA3311EF0AAC80041EF0E /* UserInfo.swift in Sources */,
				8090611D1EF87C37003E6E1A /* ItemHomeTableViewCell.swift in Sources */,
			);
			runOnlyForDeploymentPostprocessing = 0;
		};
/* End PBXSourcesBuildPhase section */

/* Begin PBXVariantGroup section */
		805DC8B81EEF416B006D97A9 /* Main.storyboard */ = {
			isa = PBXVariantGroup;
			children = (
				805DC8B91EEF416B006D97A9 /* Base */,
			);
			name = Main.storyboard;
			sourceTree = "<group>";
		};
		805DC8BD1EEF416B006D97A9 /* LaunchScreen.storyboard */ = {
			isa = PBXVariantGroup;
			children = (
				805DC8BE1EEF416B006D97A9 /* Base */,
			);
			name = LaunchScreen.storyboard;
			sourceTree = "<group>";
		};
/* End PBXVariantGroup section */

/* Begin XCBuildConfiguration section */
		805DC8C11EEF416B006D97A9 /* Debug */ = {
			isa = XCBuildConfiguration;
			buildSettings = {
				ALWAYS_SEARCH_USER_PATHS = NO;
				CLANG_ANALYZER_NONNULL = YES;
				CLANG_ANALYZER_NUMBER_OBJECT_CONVERSION = YES_AGGRESSIVE;
				CLANG_CXX_LANGUAGE_STANDARD = "gnu++0x";
				CLANG_CXX_LIBRARY = "libc++";
				CLANG_ENABLE_MODULES = YES;
				CLANG_ENABLE_OBJC_ARC = YES;
				CLANG_WARN_BOOL_CONVERSION = YES;
				CLANG_WARN_CONSTANT_CONVERSION = YES;
				CLANG_WARN_DIRECT_OBJC_ISA_USAGE = YES_ERROR;
				CLANG_WARN_DOCUMENTATION_COMMENTS = YES;
				CLANG_WARN_EMPTY_BODY = YES;
				CLANG_WARN_ENUM_CONVERSION = YES;
				CLANG_WARN_INFINITE_RECURSION = YES;
				CLANG_WARN_INT_CONVERSION = YES;
				CLANG_WARN_OBJC_ROOT_CLASS = YES_ERROR;
				CLANG_WARN_SUSPICIOUS_MOVE = YES;
				CLANG_WARN_UNREACHABLE_CODE = YES;
				CLANG_WARN__DUPLICATE_METHOD_MATCH = YES;
				"CODE_SIGN_IDENTITY[sdk=iphoneos*]" = "iPhone Developer";
				COPY_PHASE_STRIP = NO;
				DEBUG_INFORMATION_FORMAT = dwarf;
				ENABLE_STRICT_OBJC_MSGSEND = YES;
				ENABLE_TESTABILITY = YES;
				GCC_C_LANGUAGE_STANDARD = gnu99;
				GCC_DYNAMIC_NO_PIC = NO;
				GCC_NO_COMMON_BLOCKS = YES;
				GCC_OPTIMIZATION_LEVEL = 0;
				GCC_PREPROCESSOR_DEFINITIONS = (
					"DEBUG=1",
					"$(inherited)",
				);
				GCC_WARN_64_TO_32_BIT_CONVERSION = YES;
				GCC_WARN_ABOUT_RETURN_TYPE = YES_ERROR;
				GCC_WARN_UNDECLARED_SELECTOR = YES;
				GCC_WARN_UNINITIALIZED_AUTOS = YES_AGGRESSIVE;
				GCC_WARN_UNUSED_FUNCTION = YES;
				GCC_WARN_UNUSED_VARIABLE = YES;
				IPHONEOS_DEPLOYMENT_TARGET = 9.0;
				MTL_ENABLE_DEBUG_INFO = YES;
				ONLY_ACTIVE_ARCH = YES;
				SDKROOT = iphoneos;
				SWIFT_ACTIVE_COMPILATION_CONDITIONS = DEBUG;
				SWIFT_OPTIMIZATION_LEVEL = "-Onone";
				TARGETED_DEVICE_FAMILY = "1,2";
			};
			name = Debug;
		};
		805DC8C21EEF416B006D97A9 /* Release */ = {
			isa = XCBuildConfiguration;
			buildSettings = {
				ALWAYS_SEARCH_USER_PATHS = NO;
				CLANG_ANALYZER_NONNULL = YES;
				CLANG_ANALYZER_NUMBER_OBJECT_CONVERSION = YES_AGGRESSIVE;
				CLANG_CXX_LANGUAGE_STANDARD = "gnu++0x";
				CLANG_CXX_LIBRARY = "libc++";
				CLANG_ENABLE_MODULES = YES;
				CLANG_ENABLE_OBJC_ARC = YES;
				CLANG_WARN_BOOL_CONVERSION = YES;
				CLANG_WARN_CONSTANT_CONVERSION = YES;
				CLANG_WARN_DIRECT_OBJC_ISA_USAGE = YES_ERROR;
				CLANG_WARN_DOCUMENTATION_COMMENTS = YES;
				CLANG_WARN_EMPTY_BODY = YES;
				CLANG_WARN_ENUM_CONVERSION = YES;
				CLANG_WARN_INFINITE_RECURSION = YES;
				CLANG_WARN_INT_CONVERSION = YES;
				CLANG_WARN_OBJC_ROOT_CLASS = YES_ERROR;
				CLANG_WARN_SUSPICIOUS_MOVE = YES;
				CLANG_WARN_UNREACHABLE_CODE = YES;
				CLANG_WARN__DUPLICATE_METHOD_MATCH = YES;
				"CODE_SIGN_IDENTITY[sdk=iphoneos*]" = "iPhone Developer";
				COPY_PHASE_STRIP = NO;
				DEBUG_INFORMATION_FORMAT = "dwarf-with-dsym";
				ENABLE_NS_ASSERTIONS = NO;
				ENABLE_STRICT_OBJC_MSGSEND = YES;
				GCC_C_LANGUAGE_STANDARD = gnu99;
				GCC_NO_COMMON_BLOCKS = YES;
				GCC_WARN_64_TO_32_BIT_CONVERSION = YES;
				GCC_WARN_ABOUT_RETURN_TYPE = YES_ERROR;
				GCC_WARN_UNDECLARED_SELECTOR = YES;
				GCC_WARN_UNINITIALIZED_AUTOS = YES_AGGRESSIVE;
				GCC_WARN_UNUSED_FUNCTION = YES;
				GCC_WARN_UNUSED_VARIABLE = YES;
				IPHONEOS_DEPLOYMENT_TARGET = 9.0;
				MTL_ENABLE_DEBUG_INFO = NO;
				SDKROOT = iphoneos;
				SWIFT_OPTIMIZATION_LEVEL = "-Owholemodule";
				TARGETED_DEVICE_FAMILY = "1,2";
				VALIDATE_PRODUCT = YES;
			};
			name = Release;
		};
		805DC8C41EEF416B006D97A9 /* Debug */ = {
			isa = XCBuildConfiguration;
			baseConfigurationReference = F931ADA91F9DFCEF54661204 /* Pods-TradeIt.debug.xcconfig */;
			buildSettings = {
				ASSETCATALOG_COMPILER_APPICON_NAME = AppIcon;
				CLANG_ENABLE_MODULES = YES;
				DEVELOPMENT_TEAM = 6PA6N75D4X;
				INFOPLIST_FILE = TradeIt/Info.plist;
				IPHONEOS_DEPLOYMENT_TARGET = 9.0;
				LD_RUNPATH_SEARCH_PATHS = "$(inherited) @executable_path/Frameworks";
				PRODUCT_BUNDLE_IDENTIFIER = michael.guo.TradeIt;
				PRODUCT_NAME = "$(TARGET_NAME)";
				SWIFT_OBJC_BRIDGING_HEADER = "TradeIt/TradeIt-Bridging-Header.h";
				SWIFT_OPTIMIZATION_LEVEL = "-Onone";
				SWIFT_VERSION = 3.0;
			};
			name = Debug;
		};
		805DC8C51EEF416B006D97A9 /* Release */ = {
			isa = XCBuildConfiguration;
			baseConfigurationReference = 181D3E377C428120DE034637 /* Pods-TradeIt.release.xcconfig */;
			buildSettings = {
				ASSETCATALOG_COMPILER_APPICON_NAME = AppIcon;
				CLANG_ENABLE_MODULES = YES;
				DEVELOPMENT_TEAM = 6PA6N75D4X;
				INFOPLIST_FILE = TradeIt/Info.plist;
				IPHONEOS_DEPLOYMENT_TARGET = 9.0;
				LD_RUNPATH_SEARCH_PATHS = "$(inherited) @executable_path/Frameworks";
				PRODUCT_BUNDLE_IDENTIFIER = michael.guo.TradeIt;
				PRODUCT_NAME = "$(TARGET_NAME)";
				SWIFT_OBJC_BRIDGING_HEADER = "TradeIt/TradeIt-Bridging-Header.h";
				SWIFT_VERSION = 3.0;
			};
			name = Release;
		};
/* End XCBuildConfiguration section */

/* Begin XCConfigurationList section */
		805DC8AC1EEF416B006D97A9 /* Build configuration list for PBXProject "TradeIt" */ = {
			isa = XCConfigurationList;
			buildConfigurations = (
				805DC8C11EEF416B006D97A9 /* Debug */,
				805DC8C21EEF416B006D97A9 /* Release */,
			);
			defaultConfigurationIsVisible = 0;
			defaultConfigurationName = Release;
		};
		805DC8C31EEF416B006D97A9 /* Build configuration list for PBXNativeTarget "TradeIt" */ = {
			isa = XCConfigurationList;
			buildConfigurations = (
				805DC8C41EEF416B006D97A9 /* Debug */,
				805DC8C51EEF416B006D97A9 /* Release */,
			);
			defaultConfigurationIsVisible = 0;
			defaultConfigurationName = Release;
		};
/* End XCConfigurationList section */
	};
	rootObject = 805DC8A91EEF416B006D97A9 /* Project object */;
}
